
Microsoft Visual Studio Solution File, Format Version 12.00
# Visual Studio 15
VisualStudioVersion = 15.0.28307.421
MinimumVisualStudioVersion = 10.0.40219.1
Project("{FAE04EC0-301F-11D3-BF4B-00C04F79EFBC}") = "UACBypass(2)", "UACBypass(2)\UACBypass(2).csproj", "{8CAB40D6-ED30-475B-914F-DD7EBC0245E9}"
EndProject
Global
	GlobalSection(SolutionConfigurationPlatforms) = preSolution
		Debug|Any CPU = Debug|Any CPU
		Release|Any CPU = Release|Any CPU
	EndGlobalSection
	GlobalSection(ProjectConfigurationPlatforms) = postSolution
		{8CAB40D6-ED30-475B-914F-DD7EBC0245E9}.Debug|Any CPU.ActiveCfg = Debug|Any CPU
		{8CAB40D6-ED30-475B-914F-DD7EBC0245E9}.Debug|Any CPU.Build.0 = Debug|Any CPU
		{8CAB40D6-ED30-475B-914F-DD7EBC0245E9}.Release|Any CPU.ActiveCfg = Release|Any CPU
		{8CAB40D6-ED30-475B-914F-DD7EBC0245E9}.Release|Any CPU.Build.0 = Release|Any CPU
	EndGlobalSection
	GlobalSection(SolutionProperties) = preSolution
		HideSolutionNode = FALSE
	EndGlobalSection
	GlobalSection(ExtensibilityGlobals) = postSolution
		SolutionGuid = {D2263330-863D-4A91-9607-4025D277E8A9}
	EndGlobalSection
EndGlobal
